// !$*UTF8*$!
{
	archiveVersion = 1;
	classes = {
	};
	objectVersion = 77;
	objects = {

/* Begin PBXBuildFile section */
		44853F4A2CE7A1180065B23D /* FirebaseAnalytics in Frameworks */ = {isa = PBXBuildFile; productRef = 44853F492CE7A1180065B23D /* FirebaseAnalytics */; };
		44853F4C2CE7A1180065B23D /* FirebaseAuth in Frameworks */ = {isa = PBXBuildFile; productRef = 44853F4B2CE7A1180065B23D /* FirebaseAuth */; };
		44853F4E2CE7A1180065B23D /* FirebaseAuthCombine-Community in Frameworks */ = {isa = PBXBuildFile; productRef = 44853F4D2CE7A1180065B23D /* FirebaseAuthCombine-Community */; };
		44853F502CE7A1180065B23D /* FirebaseCore in Frameworks */ = {isa = PBXBuildFile; productRef = 44853F4F2CE7A1180065B23D /* FirebaseCore */; };
		44853F522CE7A1180065B23D /* FirebaseFirestore in Frameworks */ = {isa = PBXBuildFile; productRef = 44853F512CE7A1180065B23D /* FirebaseFirestore */; };
		44853F542CE7A1180065B23D /* FirebaseFirestoreCombine-Community in Frameworks */ = {isa = PBXBuildFile; productRef = 44853F532CE7A1180065B23D /* FirebaseFirestoreCombine-Community */; };
/* End PBXBuildFile section */

/* Begin PBXContainerItemProxy section */
		44AB37A02CE6F39F005E6E8B /* PBXContainerItemProxy */ = {
			isa = PBXContainerItemProxy;
			containerPortal = 44AB37872CE6F39B005E6E8B /* Project object */;
			proxyType = 1;
			remoteGlobalIDString = 44AB378E2CE6F39B005E6E8B;
			remoteInfo = "Final-Project";
		};
		44AB37AA2CE6F39F005E6E8B /* PBXContainerItemProxy */ = {
			isa = PBXContainerItemProxy;
			containerPortal = 44AB37872CE6F39B005E6E8B /* Project object */;
			proxyType = 1;
			remoteGlobalIDString = 44AB378E2CE6F39B005E6E8B;
			remoteInfo = "Final-Project";
		};
/* End PBXContainerItemProxy section */

/* Begin PBXFileReference section */
		44AB378F2CE6F39B005E6E8B /* Final-Project.app */ = {isa = PBXFileReference; explicitFileType = wrapper.application; includeInIndex = 0; path = "Final-Project.app"; sourceTree = BUILT_PRODUCTS_DIR; };
		44AB379F2CE6F39F005E6E8B /* Final-ProjectTests.xctest */ = {isa = PBXFileReference; explicitFileType = wrapper.cfbundle; includeInIndex = 0; path = "Final-ProjectTests.xctest"; sourceTree = BUILT_PRODUCTS_DIR; };
		44AB37A92CE6F39F005E6E8B /* Final-ProjectUITests.xctest */ = {isa = PBXFileReference; explicitFileType = wrapper.cfbundle; includeInIndex = 0; path = "Final-ProjectUITests.xctest"; sourceTree = BUILT_PRODUCTS_DIR; };
/* End PBXFileReference section */

/* Begin PBXFileSystemSynchronizedRootGroup section */
		44AB37912CE6F39B005E6E8B /* Final-Project */ = {
			isa = PBXFileSystemSynchronizedRootGroup;
			path = "Final-Project";
			sourceTree = "<group>";
		};
/* End PBXFileSystemSynchronizedRootGroup section */

/* Begin PBXFrameworksBuildPhase section */
		44AB378C2CE6F39B005E6E8B /* Frameworks */ = {
			isa = PBXFrameworksBuildPhase;
			buildActionMask = 2147483647;
			files = (
				44853F4A2CE7A1180065B23D /* FirebaseAnalytics in Frameworks */,
				44853F4E2CE7A1180065B23D /* FirebaseAuthCombine-Community in Frameworks */,
				44853F502CE7A1180065B23D /* FirebaseCore in Frameworks */,
				44853F542CE7A1180065B23D /* FirebaseFirestoreCombine-Community in Frameworks */,
				44853F522CE7A1180065B23D /* FirebaseFirestore in Frameworks */,
				44853F4C2CE7A1180065B23D /* FirebaseAuth in Frameworks */,
			);
			runOnlyForDeploymentPostprocessing = 0;
		};
		44AB379C2CE6F39F005E6E8B /* Frameworks */ = {
			isa = PBXFrameworksBuildPhase;
			buildActionMask = 2147483647;
			files = (
			);
			runOnlyForDeploymentPostprocessing = 0;
		};
		44AB37A62CE6F39F005E6E8B /* Frameworks */ = {
			isa = PBXFrameworksBuildPhase;
			buildActionMask = 2147483647;
			files = (
			);
			runOnlyForDeploymentPostprocessing = 0;
		};
/* End PBXFrameworksBuildPhase section */

/* Begin PBXGroup section */
		44AB37862CE6F39B005E6E8B = {
			isa = PBXGroup;
			children = (
				44AB37912CE6F39B005E6E8B /* Final-Project */,
				44AB37902CE6F39B005E6E8B /* Products */,
			);
			sourceTree = "<group>";
		};
		44AB37902CE6F39B005E6E8B /* Products */ = {
			isa = PBXGroup;
			children = (
				44AB378F2CE6F39B005E6E8B /* Final-Project.app */,
				44AB379F2CE6F39F005E6E8B /* Final-ProjectTests.xctest */,
				44AB37A92CE6F39F005E6E8B /* Final-ProjectUITests.xctest */,
			);
			name = Products;
			sourceTree = "<group>";
		};
/* End PBXGroup section */

/* Begin PBXNativeTarget section */
		44AB378E2CE6F39B005E6E8B /* Final-Project */ = {
			isa = PBXNativeTarget;
			buildConfigurationList = 44AB37B32CE6F39F005E6E8B /* Build configuration list for PBXNativeTarget "Final-Project" */;
			buildPhases = (
				44AB378B2CE6F39B005E6E8B /* Sources */,
				44AB378C2CE6F39B005E6E8B /* Frameworks */,
				44AB378D2CE6F39B005E6E8B /* Resources */,
			);
			buildRules = (
			);
			dependencies = (
			);
			fileSystemSynchronizedGroups = (
				44AB37912CE6F39B005E6E8B /* Final-Project */,
			);
			name = "Final-Project";
			packageProductDependencies = (
				44853F492CE7A1180065B23D /* FirebaseAnalytics */,
				44853F4B2CE7A1180065B23D /* FirebaseAuth */,
				44853F4D2CE7A1180065B23D /* FirebaseAuthCombine-Community */,
				44853F4F2CE7A1180065B23D /* FirebaseCore */,
				44853F512CE7A1180065B23D /* FirebaseFirestore */,
				44853F532CE7A1180065B23D /* FirebaseFirestoreCombine-Community */,
			);
			productName = "Final-Project";
			productReference = 44AB378F2CE6F39B005E6E8B /* Final-Project.app */;
			productType = "com.apple.product-type.application";
		};
		44AB379E2CE6F39F005E6E8B /* Final-ProjectTests */ = {
			isa = PBXNativeTarget;
			buildConfigurationList = 44AB37B62CE6F39F005E6E8B /* Build configuration list for PBXNativeTarget "Final-ProjectTests" */;
			buildPhases = (
				44AB379B2CE6F39F005E6E8B /* Sources */,
				44AB379C2CE6F39F005E6E8B /* Frameworks */,
				44AB379D2CE6F39F005E6E8B /* Resources */,
			);
			buildRules = (
			);
			dependencies = (
				44AB37A12CE6F39F005E6E8B /* PBXTargetDependency */,
			);
			name = "Final-ProjectTests";
			packageProductDependencies = (
			);
			productName = "Final-ProjectTests";
			productReference = 44AB379F2CE6F39F005E6E8B /* Final-ProjectTests.xctest */;
			productType = "com.apple.product-type.bundle.unit-test";
		};
		44AB37A82CE6F39F005E6E8B /* Final-ProjectUITests */ = {
			isa = PBXNativeTarget;
			buildConfigurationList = 44AB37B92CE6F39F005E6E8B /* Build configuration list for PBXNativeTarget "Final-ProjectUITests" */;
			buildPhases = (
				44AB37A52CE6F39F005E6E8B /* Sources */,
				44AB37A62CE6F39F005E6E8B /* Frameworks */,
				44AB37A72CE6F39F005E6E8B /* Resources */,
			);
			buildRules = (
			);
			dependencies = (
				44AB37AB2CE6F39F005E6E8B /* PBXTargetDependency */,
			);
			name = "Final-ProjectUITests";
			packageProductDependencies = (
			);
			productName = "Final-ProjectUITests";
			productReference = 44AB37A92CE6F39F005E6E8B /* Final-ProjectUITests.xctest */;
			productType = "com.apple.product-type.bundle.ui-testing";
		};
/* End PBXNativeTarget section */

/* Begin PBXProject section */
		44AB37872CE6F39B005E6E8B /* Project object */ = {
			isa = PBXProject;
			attributes = {
				BuildIndependentTargetsInParallel = 1;
				LastSwiftUpdateCheck = 1610;
				LastUpgradeCheck = 1610;
				TargetAttributes = {
					44AB378E2CE6F39B005E6E8B = {
						CreatedOnToolsVersion = 16.1;
					};
					44AB379E2CE6F39F005E6E8B = {
						CreatedOnToolsVersion = 16.1;
						TestTargetID = 44AB378E2CE6F39B005E6E8B;
					};
					44AB37A82CE6F39F005E6E8B = {
						CreatedOnToolsVersion = 16.1;
						TestTargetID = 44AB378E2CE6F39B005E6E8B;
					};
				};
			};
			buildConfigurationList = 44AB378A2CE6F39B005E6E8B /* Build configuration list for PBXProject "Final-Project" */;
			developmentRegion = en;
			hasScannedForEncodings = 0;
			knownRegions = (
				en,
				Base,
			);
			mainGroup = 44AB37862CE6F39B005E6E8B;
			minimizedProjectReferenceProxies = 1;
			packageReferences = (
				44853F482CE7A1180065B23D /* XCRemoteSwiftPackageReference "firebase-ios-sdk" */,
			);
			preferredProjectObjectVersion = 77;
			productRefGroup = 44AB37902CE6F39B005E6E8B /* Products */;
			projectDirPath = "";
			projectRoot = "";
			targets = (
				44AB378E2CE6F39B005E6E8B /* Final-Project */,
				44AB379E2CE6F39F005E6E8B /* Final-ProjectTests */,
				44AB37A82CE6F39F005E6E8B /* Final-ProjectUITests */,
			);
		};
/* End PBXProject section */

/* Begin PBXResourcesBuildPhase section */
		44AB378D2CE6F39B005E6E8B /* Resources */ = {
			isa = PBXResourcesBuildPhase;
			buildActionMask = 2147483647;
			files = (
			);
			runOnlyForDeploymentPostprocessing = 0;
		};
		44AB379D2CE6F39F005E6E8B /* Resources */ = {
			isa = PBXResourcesBuildPhase;
			buildActionMask = 2147483647;
			files = (
			);
			runOnlyForDeploymentPostprocessing = 0;
		};
		44AB37A72CE6F39F005E6E8B /* Resources */ = {
			isa = PBXResourcesBuildPhase;
			buildActionMask = 2147483647;
			files = (
			);
			runOnlyForDeploymentPostprocessing = 0;
		};
/* End PBXResourcesBuildPhase section */

/* Begin PBXSourcesBuildPhase section */
		44AB378B2CE6F39B005E6E8B /* Sources */ = {
			isa = PBXSourcesBuildPhase;
			buildActionMask = 2147483647;
			files = (
			);
			runOnlyForDeploymentPostprocessing = 0;
		};
		44AB379B2CE6F39F005E6E8B /* Sources */ = {
			isa = PBXSourcesBuildPhase;
			buildActionMask = 2147483647;
			files = (
			);
			runOnlyForDeploymentPostprocessing = 0;
		};
		44AB37A52CE6F39F005E6E8B /* Sources */ = {
			isa = PBXSourcesBuildPhase;
			buildActionMask = 2147483647;
			files = (
			);
			runOnlyForDeploymentPostprocessing = 0;
		};
/* End PBXSourcesBuildPhase section */

/* Begin PBXTargetDependency section */
		44AB37A12CE6F39F005E6E8B /* PBXTargetDependency */ = {
			isa = PBXTargetDependency;
			target = 44AB378E2CE6F39B005E6E8B /* Final-Project */;
			targetProxy = 44AB37A02CE6F39F005E6E8B /* PBXContainerItemProxy */;
		};
		44AB37AB2CE6F39F005E6E8B /* PBXTargetDependency */ = {
			isa = PBXTargetDependency;
			target = 44AB378E2CE6F39B005E6E8B /* Final-Project */;
			targetProxy = 44AB37AA2CE6F39F005E6E8B /* PBXContainerItemProxy */;
		};
/* End PBXTargetDependency section */

/* Begin XCBuildConfiguration section */
		44AB37B12CE6F39F005E6E8B /* Debug */ = {
			isa = XCBuildConfiguration;
			buildSettings = {
				ALWAYS_SEARCH_USER_PATHS = NO;
				ASSETCATALOG_COMPILER_GENERATE_SWIFT_ASSET_SYMBOL_EXTENSIONS = YES;
				CLANG_ANALYZER_NONNULL = YES;
				CLANG_ANALYZER_NUMBER_OBJECT_CONVERSION = YES_AGGRESSIVE;
				CLANG_CXX_LANGUAGE_STANDARD = "gnu++20";
				CLANG_ENABLE_MODULES = YES;
				CLANG_ENABLE_OBJC_ARC = YES;
				CLANG_ENABLE_OBJC_WEAK = YES;
				CLANG_WARN_BLOCK_CAPTURE_AUTORELEASING = YES;
				CLANG_WARN_BOOL_CONVERSION = YES;
				CLANG_WARN_COMMA = YES;
				CLANG_WARN_CONSTANT_CONVERSION = YES;
				CLANG_WARN_DEPRECATED_OBJC_IMPLEMENTATIONS = YES;
				CLANG_WARN_DIRECT_OBJC_ISA_USAGE = YES_ERROR;
				CLANG_WARN_DOCUMENTATION_COMMENTS = YES;
				CLANG_WARN_EMPTY_BODY = YES;
				CLANG_WARN_ENUM_CONVERSION = YES;
				CLANG_WARN_INFINITE_RECURSION = YES;
				CLANG_WARN_INT_CONVERSION = YES;
				CLANG_WARN_NON_LITERAL_NULL_CONVERSION = YES;
				CLANG_WARN_OBJC_IMPLICIT_RETAIN_SELF = YES;
				CLANG_WARN_OBJC_LITERAL_CONVERSION = YES;
				CLANG_WARN_OBJC_ROOT_CLASS = YES_ERROR;
				CLANG_WARN_QUOTED_INCLUDE_IN_FRAMEWORK_HEADER = YES;
				CLANG_WARN_RANGE_LOOP_ANALYSIS = YES;
				CLANG_WARN_STRICT_PROTOTYPES = YES;
				CLANG_WARN_SUSPICIOUS_MOVE = YES;
				CLANG_WARN_UNGUARDED_AVAILABILITY = YES_AGGRESSIVE;
				CLANG_WARN_UNREACHABLE_CODE = YES;
				CLANG_WARN__DUPLICATE_METHOD_MATCH = YES;
				COPY_PHASE_STRIP = NO;
				DEBUG_INFORMATION_FORMAT = dwarf;
				ENABLE_STRICT_OBJC_MSGSEND = YES;
				ENABLE_TESTABILITY = YES;
				ENABLE_USER_SCRIPT_SANDBOXING = YES;
				GCC_C_LANGUAGE_STANDARD = gnu17;
				GCC_DYNAMIC_NO_PIC = NO;
				GCC_NO_COMMON_BLOCKS = YES;
				GCC_OPTIMIZATION_LEVEL = 0;
				GCC_PREPROCESSOR_DEFINITIONS = (
					"DEBUG=1",
					"$(inherited)",
				);
				GCC_WARN_64_TO_32_BIT_CONVERSION = YES;
				GCC_WARN_ABOUT_RETURN_TYPE = YES_ERROR;
				GCC_WARN_UNDECLARED_SELECTOR = YES;
				GCC_WARN_UNINITIALIZED_AUTOS = YES_AGGRESSIVE;
				GCC_WARN_UNUSED_FUNCTION = YES;
				GCC_WARN_UNUSED_VARIABLE = YES;
				IPHONEOS_DEPLOYMENT_TARGET = 18.1;
				LOCALIZATION_PREFERS_STRING_CATALOGS = YES;
				MTL_ENABLE_DEBUG_INFO = INCLUDE_SOURCE;
				MTL_FAST_MATH = YES;
				ONLY_ACTIVE_ARCH = YES;
				SDKROOT = iphoneos;
				SWIFT_ACTIVE_COMPILATION_CONDITIONS = "DEBUG $(inherited)";
				SWIFT_OPTIMIZATION_LEVEL = "-Onone";
			};
			name = Debug;
		};
		44AB37B22CE6F39F005E6E8B /* Release */ = {
			isa = XCBuildConfiguration;
			buildSettings = {
				ALWAYS_SEARCH_USER_PATHS = NO;
				ASSETCATALOG_COMPILER_GENERATE_SWIFT_ASSET_SYMBOL_EXTENSIONS = YES;
				CLANG_ANALYZER_NONNULL = YES;
				CLANG_ANALYZER_NUMBER_OBJECT_CONVERSION = YES_AGGRESSIVE;
				CLANG_CXX_LANGUAGE_STANDARD = "gnu++20";
				CLANG_ENABLE_MODULES = YES;
				CLANG_ENABLE_OBJC_ARC = YES;
				CLANG_ENABLE_OBJC_WEAK = YES;
				CLANG_WARN_BLOCK_CAPTURE_AUTORELEASING = YES;
				CLANG_WARN_BOOL_CONVERSION = YES;
				CLANG_WARN_COMMA = YES;
				CLANG_WARN_CONSTANT_CONVERSION = YES;
				CLANG_WARN_DEPRECATED_OBJC_IMPLEMENTATIONS = YES;
				CLANG_WARN_DIRECT_OBJC_ISA_USAGE = YES_ERROR;
				CLANG_WARN_DOCUMENTATION_COMMENTS = YES;
				CLANG_WARN_EMPTY_BODY = YES;
				CLANG_WARN_ENUM_CONVERSION = YES;
				CLANG_WARN_INFINITE_RECURSION = YES;
				CLANG_WARN_INT_CONVERSION = YES;
				CLANG_WARN_NON_LITERAL_NULL_CONVERSION = YES;
				CLANG_WARN_OBJC_IMPLICIT_RETAIN_SELF = YES;
				CLANG_WARN_OBJC_LITERAL_CONVERSION = YES;
				CLANG_WARN_OBJC_ROOT_CLASS = YES_ERROR;
				CLANG_WARN_QUOTED_INCLUDE_IN_FRAMEWORK_HEADER = YES;
				CLANG_WARN_RANGE_LOOP_ANALYSIS = YES;
				CLANG_WARN_STRICT_PROTOTYPES = YES;
				CLANG_WARN_SUSPICIOUS_MOVE = YES;
				CLANG_WARN_UNGUARDED_AVAILABILITY = YES_AGGRESSIVE;
				CLANG_WARN_UNREACHABLE_CODE = YES;
				CLANG_WARN__DUPLICATE_METHOD_MATCH = YES;
				COPY_PHASE_STRIP = NO;
				DEBUG_INFORMATION_FORMAT = "dwarf-with-dsym";
				ENABLE_NS_ASSERTIONS = NO;
				ENABLE_STRICT_OBJC_MSGSEND = YES;
				ENABLE_USER_SCRIPT_SANDBOXING = YES;
				GCC_C_LANGUAGE_STANDARD = gnu17;
				GCC_NO_COMMON_BLOCKS = YES;
				GCC_WARN_64_TO_32_BIT_CONVERSION = YES;
				GCC_WARN_ABOUT_RETURN_TYPE = YES_ERROR;
				GCC_WARN_UNDECLARED_SELECTOR = YES;
				GCC_WARN_UNINITIALIZED_AUTOS = YES_AGGRESSIVE;
				GCC_WARN_UNUSED_FUNCTION = YES;
				GCC_WARN_UNUSED_VARIABLE = YES;
				IPHONEOS_DEPLOYMENT_TARGET = 18.1;
				LOCALIZATION_PREFERS_STRING_CATALOGS = YES;
				MTL_ENABLE_DEBUG_INFO = NO;
				MTL_FAST_MATH = YES;
				SDKROOT = iphoneos;
				SWIFT_COMPILATION_MODE = wholemodule;
				VALIDATE_PRODUCT = YES;
			};
			name = Release;
		};
		44AB37B42CE6F39F005E6E8B /* Debug */ = {
			isa = XCBuildConfiguration;
			buildSettings = {
				ASSETCATALOG_COMPILER_APPICON_NAME = AppIcon;
				ASSETCATALOG_COMPILER_GLOBAL_ACCENT_COLOR_NAME = AccentColor;
				CODE_SIGN_STYLE = Automatic;
				CURRENT_PROJECT_VERSION = 1;
				DEVELOPMENT_ASSET_PATHS = "\"Final-Project/Preview Content\"";
				ENABLE_PREVIEWS = YES;
				GENERATE_INFOPLIST_FILE = YES;
				INFOPLIST_KEY_UIApplicationSceneManifest_Generation = YES;
				INFOPLIST_KEY_UIApplicationSupportsIndirectInputEvents = YES;
				INFOPLIST_KEY_UILaunchScreen_Generation = YES;
				INFOPLIST_KEY_UISupportedInterfaceOrientations_iPad = "UIInterfaceOrientationPortrait UIInterfaceOrientationPortraitUpsideDown UIInterfaceOrientationLandscapeLeft UIInterfaceOrientationLandscapeRight";
				INFOPLIST_KEY_UISupportedInterfaceOrientations_iPhone = "UIInterfaceOrientationPortrait UIInterfaceOrientationLandscapeLeft UIInterfaceOrientationLandscapeRight";
				LD_RUNPATH_SEARCH_PATHS = (
					"$(inherited)",
					"@executable_path/Frameworks",
				);
				MARKETING_VERSION = 1.0;
				PRODUCT_BUNDLE_IDENTIFIER = "au.zaclanger.Final-Project";
				PRODUCT_NAME = "$(TARGET_NAME)";
				SWIFT_EMIT_LOC_STRINGS = YES;
				SWIFT_VERSION = 5.0;
				TARGETED_DEVICE_FAMILY = "1,2";
			};
			name = Debug;
		};
		44AB37B52CE6F39F005E6E8B /* Release */ = {
			isa = XCBuildConfiguration;
			buildSettings = {
				ASSETCATALOG_COMPILER_APPICON_NAME = AppIcon;
				ASSETCATALOG_COMPILER_GLOBAL_ACCENT_COLOR_NAME = AccentColor;
				CODE_SIGN_STYLE = Automatic;
				CURRENT_PROJECT_VERSION = 1;
				DEVELOPMENT_ASSET_PATHS = "\"Final-Project/Preview Content\"";
				ENABLE_PREVIEWS = YES;
				GENERATE_INFOPLIST_FILE = YES;
				INFOPLIST_KEY_UIApplicationSceneManifest_Generation = YES;
				INFOPLIST_KEY_UIApplicationSupportsIndirectInputEvents = YES;
				INFOPLIST_KEY_UILaunchScreen_Generation = YES;
				INFOPLIST_KEY_UISupportedInterfaceOrientations_iPad = "UIInterfaceOrientationPortrait UIInterfaceOrientationPortraitUpsideDown UIInterfaceOrientationLandscapeLeft UIInterfaceOrientationLandscapeRight";
				INFOPLIST_KEY_UISupportedInterfaceOrientations_iPhone = "UIInterfaceOrientationPortrait UIInterfaceOrientationLandscapeLeft UIInterfaceOrientationLandscapeRight";
				LD_RUNPATH_SEARCH_PATHS = (
					"$(inherited)",
					"@executable_path/Frameworks",
				);
				MARKETING_VERSION = 1.0;
				PRODUCT_BUNDLE_IDENTIFIER = "au.zaclanger.Final-Project";
				PRODUCT_NAME = "$(TARGET_NAME)";
				SWIFT_EMIT_LOC_STRINGS = YES;
				SWIFT_VERSION = 5.0;
				TARGETED_DEVICE_FAMILY = "1,2";
			};
			name = Release;
		};
		44AB37B72CE6F39F005E6E8B /* Debug */ = {
			isa = XCBuildConfiguration;
			buildSettings = {
				BUNDLE_LOADER = "$(TEST_HOST)";
				CODE_SIGN_STYLE = Automatic;
				CURRENT_PROJECT_VERSION = 1;
				GENERATE_INFOPLIST_FILE = YES;
				IPHONEOS_DEPLOYMENT_TARGET = 18.1;
				MARKETING_VERSION = 1.0;
				PRODUCT_BUNDLE_IDENTIFIER = "au.zaclanger.Final-ProjectTests";
				PRODUCT_NAME = "$(TARGET_NAME)";
				SWIFT_EMIT_LOC_STRINGS = NO;
				SWIFT_VERSION = 5.0;
				TARGETED_DEVICE_FAMILY = "1,2";
				TEST_HOST = "$(BUILT_PRODUCTS_DIR)/Final-Project.app/$(BUNDLE_EXECUTABLE_FOLDER_PATH)/Final-Project";
			};
			name = Debug;
		};
		44AB37B82CE6F39F005E6E8B /* Release */ = {
			isa = XCBuildConfiguration;
			buildSettings = {
				BUNDLE_LOADER = "$(TEST_HOST)";
				CODE_SIGN_STYLE = Automatic;
				CURRENT_PROJECT_VERSION = 1;
				GENERATE_INFOPLIST_FILE = YES;
				IPHONEOS_DEPLOYMENT_TARGET = 18.1;
				MARKETING_VERSION = 1.0;
				PRODUCT_BUNDLE_IDENTIFIER = "au.zaclanger.Final-ProjectTests";
				PRODUCT_NAME = "$(TARGET_NAME)";
				SWIFT_EMIT_LOC_STRINGS = NO;
				SWIFT_VERSION = 5.0;
				TARGETED_DEVICE_FAMILY = "1,2";
				TEST_HOST = "$(BUILT_PRODUCTS_DIR)/Final-Project.app/$(BUNDLE_EXECUTABLE_FOLDER_PATH)/Final-Project";
			};
			name = Release;
		};
		44AB37BA2CE6F39F005E6E8B /* Debug */ = {
			isa = XCBuildConfiguration;
			buildSettings = {
				CODE_SIGN_STYLE = Automatic;
				CURRENT_PROJECT_VERSION = 1;
				GENERATE_INFOPLIST_FILE = YES;
				MARKETING_VERSION = 1.0;
				PRODUCT_BUNDLE_IDENTIFIER = "au.zaclanger.Final-ProjectUITests";
				PRODUCT_NAME = "$(TARGET_NAME)";
				SWIFT_EMIT_LOC_STRINGS = NO;
				SWIFT_VERSION = 5.0;
				TARGETED_DEVICE_FAMILY = "1,2";
				TEST_TARGET_NAME = "Final-Project";
			};
			name = Debug;
		};
		44AB37BB2CE6F39F005E6E8B /* Release */ = {
			isa = XCBuildConfiguration;
			buildSettings = {
				CODE_SIGN_STYLE = Automatic;
				CURRENT_PROJECT_VERSION = 1;
				GENERATE_INFOPLIST_FILE = YES;
				MARKETING_VERSION = 1.0;
				PRODUCT_BUNDLE_IDENTIFIER = "au.zaclanger.Final-ProjectUITests";
				PRODUCT_NAME = "$(TARGET_NAME)";
				SWIFT_EMIT_LOC_STRINGS = NO;
				SWIFT_VERSION = 5.0;
				TARGETED_DEVICE_FAMILY = "1,2";
				TEST_TARGET_NAME = "Final-Project";
			};
			name = Release;
		};
/* End XCBuildConfiguration section */

/* Begin XCConfigurationList section */
		44AB378A2CE6F39B005E6E8B /* Build configuration list for PBXProject "Final-Project" */ = {
			isa = XCConfigurationList;
			buildConfigurations = (
				44AB37B12CE6F39F005E6E8B /* Debug */,
				44AB37B22CE6F39F005E6E8B /* Release */,
			);
			defaultConfigurationIsVisible = 0;
			defaultConfigurationName = Release;
		};
		44AB37B32CE6F39F005E6E8B /* Build configuration list for PBXNativeTarget "Final-Project" */ = {
			isa = XCConfigurationList;
			buildConfigurations = (
				44AB37B42CE6F39F005E6E8B /* Debug */,
				44AB37B52CE6F39F005E6E8B /* Release */,
			);
			defaultConfigurationIsVisible = 0;
			defaultConfigurationName = Release;
		};
		44AB37B62CE6F39F005E6E8B /* Build configuration list for PBXNativeTarget "Final-ProjectTests" */ = {
			isa = XCConfigurationList;
			buildConfigurations = (
				44AB37B72CE6F39F005E6E8B /* Debug */,
				44AB37B82CE6F39F005E6E8B /* Release */,
			);
			defaultConfigurationIsVisible = 0;
			defaultConfigurationName = Release;
		};
		44AB37B92CE6F39F005E6E8B /* Build configuration list for PBXNativeTarget "Final-ProjectUITests" */ = {
			isa = XCConfigurationList;
			buildConfigurations = (
				44AB37BA2CE6F39F005E6E8B /* Debug */,
				44AB37BB2CE6F39F005E6E8B /* Release */,
			);
			defaultConfigurationIsVisible = 0;
			defaultConfigurationName = Release;
		};
/* End XCConfigurationList section */

/* Begin XCRemoteSwiftPackageReference section */
		44853F482CE7A1180065B23D /* XCRemoteSwiftPackageReference "firebase-ios-sdk" */ = {
			isa = XCRemoteSwiftPackageReference;
			repositoryURL = "https://github.com/firebase/firebase-ios-sdk";
			requirement = {
				kind = upToNextMajorVersion;
				minimumVersion = 11.5.0;
			};
		};
/* End XCRemoteSwiftPackageReference section */

/* Begin XCSwiftPackageProductDependency section */
		44853F492CE7A1180065B23D /* FirebaseAnalytics */ = {
			isa = XCSwiftPackageProductDependency;
			package = 44853F482CE7A1180065B23D /* XCRemoteSwiftPackageReference "firebase-ios-sdk" */;
			productName = FirebaseAnalytics;
		};
		44853F4B2CE7A1180065B23D /* FirebaseAuth */ = {
			isa = XCSwiftPackageProductDependency;
			package = 44853F482CE7A1180065B23D /* XCRemoteSwiftPackageReference "firebase-ios-sdk" */;
			productName = FirebaseAuth;
		};
		44853F4D2CE7A1180065B23D /* FirebaseAuthCombine-Community */ = {
			isa = XCSwiftPackageProductDependency;
			package = 44853F482CE7A1180065B23D /* XCRemoteSwiftPackageReference "firebase-ios-sdk" */;
			productName = "FirebaseAuthCombine-Community";
		};
		44853F4F2CE7A1180065B23D /* FirebaseCore */ = {
			isa = XCSwiftPackageProductDependency;
			package = 44853F482CE7A1180065B23D /* XCRemoteSwiftPackageReference "firebase-ios-sdk" */;
			productName = FirebaseCore;
		};
		44853F512CE7A1180065B23D /* FirebaseFirestore */ = {
			isa = XCSwiftPackageProductDependency;
			package = 44853F482CE7A1180065B23D /* XCRemoteSwiftPackageReference "firebase-ios-sdk" */;
			productName = FirebaseFirestore;
		};
		44853F532CE7A1180065B23D /* FirebaseFirestoreCombine-Community */ = {
			isa = XCSwiftPackageProductDependency;
			package = 44853F482CE7A1180065B23D /* XCRemoteSwiftPackageReference "firebase-ios-sdk" */;
			productName = "FirebaseFirestoreCombine-Community";
		};
/* End XCSwiftPackageProductDependency section */
	};
	rootObject = 44AB37872CE6F39B005E6E8B /* Project object */;
}
